
Microsoft Visual Studio Solution File, Format Version 12.00
# Visual Studio 14
VisualStudioVersion = 14.0.24720.0
MinimumVisualStudioVersion = 10.0.40219.1
Project("{FAE04EC0-301F-11D3-BF4B-00C04F79EFBC}") = "InversionOfControlDemo", "InversionOfControlDemo\InversionOfControlDemo.csproj", "{AFC27821-3663-4754-B96D-61557679177C}"
EndProject
Project("{FAE04EC0-301F-11D3-BF4B-00C04F79EFBC}") = "InversionOfControlDemo.Test", "InversionOfControlDemo.Test\InversionOfControlDemo.Test.csproj", "{8EDF4429-251A-416D-BB68-93F227191BCF}"
EndProject
Project("{FAE04EC0-301F-11D3-BF4B-00C04F79EFBC}") = "InversionOfControlDemo.UI.Test", "InversionOfControlDemo.UI.Test\InversionOfControlDemo.UI.Test.csproj", "{D000E5B0-0DEF-4216-848F-B3D84667C3FF}"
EndProject
Global
	GlobalSection(SolutionConfigurationPlatforms) = preSolution
		Debug|Any CPU = Debug|Any CPU
		Release|Any CPU = Release|Any CPU
	EndGlobalSection
	GlobalSection(ProjectConfigurationPlatforms) = postSolution
		{AFC27821-3663-4754-B96D-61557679177C}.Debug|Any CPU.ActiveCfg = Debug|Any CPU
		{AFC27821-3663-4754-B96D-61557679177C}.Debug|Any CPU.Build.0 = Debug|Any CPU
		{AFC27821-3663-4754-B96D-61557679177C}.Release|Any CPU.ActiveCfg = Release|Any CPU
		{AFC27821-3663-4754-B96D-61557679177C}.Release|Any CPU.Build.0 = Release|Any CPU
		{8EDF4429-251A-416D-BB68-93F227191BCF}.Debug|Any CPU.ActiveCfg = Debug|Any CPU
		{8EDF4429-251A-416D-BB68-93F227191BCF}.Debug|Any CPU.Build.0 = Debug|Any CPU
		{8EDF4429-251A-416D-BB68-93F227191BCF}.Release|Any CPU.ActiveCfg = Release|Any CPU
		{8EDF4429-251A-416D-BB68-93F227191BCF}.Release|Any CPU.Build.0 = Release|Any CPU
		{D000E5B0-0DEF-4216-848F-B3D84667C3FF}.Debug|Any CPU.ActiveCfg = Debug|Any CPU
		{D000E5B0-0DEF-4216-848F-B3D84667C3FF}.Debug|Any CPU.Build.0 = Debug|Any CPU
		{D000E5B0-0DEF-4216-848F-B3D84667C3FF}.Release|Any CPU.ActiveCfg = Release|Any CPU
		{D000E5B0-0DEF-4216-848F-B3D84667C3FF}.Release|Any CPU.Build.0 = Release|Any CPU
	EndGlobalSection
	GlobalSection(SolutionProperties) = preSolution
		HideSolutionNode = FALSE
	EndGlobalSection
EndGlobal
